{
  "pins" : [
    {
      "identity" : "minha-net-ios-components",
      "kind" : "remoteSourceControl",
      "location" : "https://github.com/matheusvmg/Minha-NET-iOS-Components",
      "state" : {
        "branch" : "main",
        "revision" : "13154c988b382853626996b5037aaaaa8e187b6d"
      }
    }
  ],
  "version" : 2
}
