{
  "pins" : [
    {
      "identity" : "minha-net-ios-components",
      "kind" : "remoteSourceControl",
      "location" : "https://github.com/matheusvmg/Minha-NET-iOS-Components",
      "state" : {
        "branch" : "main",
        "revision" : "25ccd19a5d43235bf05f4b6c8b423c432853ec11"
      }
    }
  ],
  "version" : 2
}
