{
  "pins" : [
    {
      "identity" : "minha-net-ios-components",
      "kind" : "remoteSourceControl",
      "location" : "https://github.com/matheusvmg/Minha-NET-iOS-Components",
      "state" : {
        "branch" : "main",
        "revision" : "c8b27122c8a5fec1f232e2ee0648521fdf8b95d7"
      }
    }
  ],
  "version" : 2
}
